
Microsoft Visual Studio Solution File, Format Version 12.00
# Visual Studio Version 16
VisualStudioVersion = 16.0.29123.89
MinimumVisualStudioVersion = 10.0.40219.1
Project("{9A19103F-16F7-4668-BE54-9A1E7A4F7556}") = "GTAVehicles", "GTAVehicles\GTAVehicles.csproj", "{9D153D71-A9D1-4566-A59E-7BB71F0D5AD8}"
EndProject
Global
	GlobalSection(SolutionConfigurationPlatforms) = preSolution
		Debug|Any CPU = Debug|Any CPU
		Release|Any CPU = Release|Any CPU
	EndGlobalSection
	GlobalSection(ProjectConfigurationPlatforms) = postSolution
		{9D153D71-A9D1-4566-A59E-7BB71F0D5AD8}.Debug|Any CPU.ActiveCfg = Debug|Any CPU
		{9D153D71-A9D1-4566-A59E-7BB71F0D5AD8}.Debug|Any CPU.Build.0 = Debug|Any CPU
		{9D153D71-A9D1-4566-A59E-7BB71F0D5AD8}.Release|Any CPU.ActiveCfg = Release|Any CPU
		{9D153D71-A9D1-4566-A59E-7BB71F0D5AD8}.Release|Any CPU.Build.0 = Release|Any CPU
	EndGlobalSection
	GlobalSection(SolutionProperties) = preSolution
		HideSolutionNode = FALSE
	EndGlobalSection
	GlobalSection(ExtensibilityGlobals) = postSolution
		SolutionGuid = {CA6D0A52-2B88-4D7B-91E3-FA7BE800CC43}
	EndGlobalSection
EndGlobal
